
Microsoft Visual Studio Solution File, Format Version 12.00
# Visual Studio Version 17
VisualStudioVersion = 17.5.33502.453
MinimumVisualStudioVersion = 10.0.40219.1
Project("{9A19103F-16F7-4668-BE54-9A1E7A4F7556}") = "VideoSpider", "VideoSpider\VideoSpider.csproj", "{3780262A-3455-4B25-A0B8-C225A851850C}"
EndProject
Project("{2150E333-8FDC-42A3-9474-1A3956D46DE8}") = "解决方案项", "解决方案项", "{5A8C11B9-B2E6-40A9-BBF2-1B108B159275}"
	ProjectSection(SolutionItems) = preProject
		README.md = README.md
	EndProjectSection
EndProject
Project("{9A19103F-16F7-4668-BE54-9A1E7A4F7556}") = "VideoSpiderCli", "VideoSpider.Cli\VideoSpiderCli.csproj", "{DB71F843-52EE-4154-93E7-2C6E025DFF99}"
EndProject
Project("{2150E333-8FDC-42A3-9474-1A3956D46DE8}") = "src", "src", "{E0EFD714-5300-41BB-9EEF-4F72FAFE28FD}"
EndProject
Project("{9A19103F-16F7-4668-BE54-9A1E7A4F7556}") = "VideoSpider.Wpf", "VideoSpider.Wpf\VideoSpider.Wpf.csproj", "{6E3700DE-B73A-4AAC-BA01-940A5F1B95AF}"
EndProject
Project("{FAE04EC0-301F-11D3-BF4B-00C04F79EFBC}") = "HappyVideo", "HappyVideo\HappyVideo.csproj", "{D2D635B1-411E-4506-A3B2-80AFBCB39F97}"
EndProject
Project("{FAE04EC0-301F-11D3-BF4B-00C04F79EFBC}") = "HappyVideo.Core", "HappyVideo.Core\HappyVideo.Core.csproj", "{073D9665-B5C5-4B0D-956D-FAD5BE8D1604}"
EndProject
Project("{2150E333-8FDC-42A3-9474-1A3956D46DE8}") = "test", "test", "{BE092B01-6CF7-414C-B4C4-0370E5E8AE28}"
EndProject
Project("{FAE04EC0-301F-11D3-BF4B-00C04F79EFBC}") = "ConsoleApp2", "ConsoleApp2\ConsoleApp2.csproj", "{90724E14-8E23-4E8D-9CFF-40F994C8CA0A}"
EndProject
Global
	GlobalSection(SolutionConfigurationPlatforms) = preSolution
		Debug|Any CPU = Debug|Any CPU
		Release|Any CPU = Release|Any CPU
	EndGlobalSection
	GlobalSection(ProjectConfigurationPlatforms) = postSolution
		{3780262A-3455-4B25-A0B8-C225A851850C}.Debug|Any CPU.ActiveCfg = Debug|Any CPU
		{3780262A-3455-4B25-A0B8-C225A851850C}.Debug|Any CPU.Build.0 = Debug|Any CPU
		{3780262A-3455-4B25-A0B8-C225A851850C}.Release|Any CPU.ActiveCfg = Release|Any CPU
		{3780262A-3455-4B25-A0B8-C225A851850C}.Release|Any CPU.Build.0 = Release|Any CPU
		{DB71F843-52EE-4154-93E7-2C6E025DFF99}.Debug|Any CPU.ActiveCfg = Debug|Any CPU
		{DB71F843-52EE-4154-93E7-2C6E025DFF99}.Debug|Any CPU.Build.0 = Debug|Any CPU
		{DB71F843-52EE-4154-93E7-2C6E025DFF99}.Release|Any CPU.ActiveCfg = Release|Any CPU
		{DB71F843-52EE-4154-93E7-2C6E025DFF99}.Release|Any CPU.Build.0 = Release|Any CPU
		{6E3700DE-B73A-4AAC-BA01-940A5F1B95AF}.Debug|Any CPU.ActiveCfg = Debug|Any CPU
		{6E3700DE-B73A-4AAC-BA01-940A5F1B95AF}.Debug|Any CPU.Build.0 = Debug|Any CPU
		{6E3700DE-B73A-4AAC-BA01-940A5F1B95AF}.Release|Any CPU.ActiveCfg = Release|Any CPU
		{6E3700DE-B73A-4AAC-BA01-940A5F1B95AF}.Release|Any CPU.Build.0 = Release|Any CPU
		{D2D635B1-411E-4506-A3B2-80AFBCB39F97}.Debug|Any CPU.ActiveCfg = Debug|Any CPU
		{D2D635B1-411E-4506-A3B2-80AFBCB39F97}.Debug|Any CPU.Build.0 = Debug|Any CPU
		{D2D635B1-411E-4506-A3B2-80AFBCB39F97}.Release|Any CPU.ActiveCfg = Release|Any CPU
		{D2D635B1-411E-4506-A3B2-80AFBCB39F97}.Release|Any CPU.Build.0 = Release|Any CPU
		{073D9665-B5C5-4B0D-956D-FAD5BE8D1604}.Debug|Any CPU.ActiveCfg = Debug|Any CPU
		{073D9665-B5C5-4B0D-956D-FAD5BE8D1604}.Debug|Any CPU.Build.0 = Debug|Any CPU
		{073D9665-B5C5-4B0D-956D-FAD5BE8D1604}.Release|Any CPU.ActiveCfg = Release|Any CPU
		{073D9665-B5C5-4B0D-956D-FAD5BE8D1604}.Release|Any CPU.Build.0 = Release|Any CPU
		{90724E14-8E23-4E8D-9CFF-40F994C8CA0A}.Debug|Any CPU.ActiveCfg = Debug|Any CPU
		{90724E14-8E23-4E8D-9CFF-40F994C8CA0A}.Debug|Any CPU.Build.0 = Debug|Any CPU
		{90724E14-8E23-4E8D-9CFF-40F994C8CA0A}.Release|Any CPU.ActiveCfg = Release|Any CPU
		{90724E14-8E23-4E8D-9CFF-40F994C8CA0A}.Release|Any CPU.Build.0 = Release|Any CPU
	EndGlobalSection
	GlobalSection(SolutionProperties) = preSolution
		HideSolutionNode = FALSE
	EndGlobalSection
	GlobalSection(NestedProjects) = preSolution
		{3780262A-3455-4B25-A0B8-C225A851850C} = {E0EFD714-5300-41BB-9EEF-4F72FAFE28FD}
		{DB71F843-52EE-4154-93E7-2C6E025DFF99} = {E0EFD714-5300-41BB-9EEF-4F72FAFE28FD}
		{6E3700DE-B73A-4AAC-BA01-940A5F1B95AF} = {E0EFD714-5300-41BB-9EEF-4F72FAFE28FD}
		{D2D635B1-411E-4506-A3B2-80AFBCB39F97} = {E0EFD714-5300-41BB-9EEF-4F72FAFE28FD}
		{073D9665-B5C5-4B0D-956D-FAD5BE8D1604} = {E0EFD714-5300-41BB-9EEF-4F72FAFE28FD}
		{90724E14-8E23-4E8D-9CFF-40F994C8CA0A} = {BE092B01-6CF7-414C-B4C4-0370E5E8AE28}
	EndGlobalSection
	GlobalSection(ExtensibilityGlobals) = postSolution
		SolutionGuid = {F3245315-6E4B-4691-A3DD-69C675EF27A3}
	EndGlobalSection
EndGlobal
